
Microsoft Visual Studio Solution File, Format Version 12.00
# Visual Studio Version 17
VisualStudioVersion = 17.2.32526.322
MinimumVisualStudioVersion = 10.0.40219.1
Project("{FAE04EC0-301F-11D3-BF4B-00C04F79EFBC}") = "ftel", "ftel.csproj", "{1672DEB1-9B51-4CBD-909B-E038A63090EC}"
EndProject
Global
	GlobalSection(SolutionConfigurationPlatforms) = preSolution
		Debug|Any CPU = Debug|Any CPU
		Release|Any CPU = Release|Any CPU
	EndGlobalSection
	GlobalSection(ProjectConfigurationPlatforms) = postSolution
		{1672DEB1-9B51-4CBD-909B-E038A63090EC}.Debug|Any CPU.ActiveCfg = Debug|Any CPU
		{1672DEB1-9B51-4CBD-909B-E038A63090EC}.Debug|Any CPU.Build.0 = Debug|Any CPU
		{1672DEB1-9B51-4CBD-909B-E038A63090EC}.Release|Any CPU.ActiveCfg = Release|Any CPU
		{1672DEB1-9B51-4CBD-909B-E038A63090EC}.Release|Any CPU.Build.0 = Release|Any CPU
	EndGlobalSection
	GlobalSection(SolutionProperties) = preSolution
		HideSolutionNode = FALSE
	EndGlobalSection
	GlobalSection(ExtensibilityGlobals) = postSolution
		SolutionGuid = {24911346-7E08-4F11-A57B-985B749CB12A}
	EndGlobalSection
EndGlobal
